
Microsoft Visual Studio Solution File, Format Version 12.00
# Visual Studio Version 16
VisualStudioVersion = 16.0.32228.343
MinimumVisualStudioVersion = 10.0.40219.1
Project("{8BC9CEB8-8B4A-11D0-8D11-00A0C91BC942}") = "TestSuite", "TestSuite\TestSuite.vcxproj", "{EB6A5C37-F728-4585-8341-6C5CA9AA501C}"
EndProject
Global
	GlobalSection(SolutionConfigurationPlatforms) = preSolution
		Debug|x64 = Debug|x64
		Debug|x86 = Debug|x86
		Release|x64 = Release|x64
		Release|x86 = Release|x86
	EndGlobalSection
	GlobalSection(ProjectConfigurationPlatforms) = postSolution
		{EB6A5C37-F728-4585-8341-6C5CA9AA501C}.Debug|x64.ActiveCfg = Debug|x64
		{EB6A5C37-F728-4585-8341-6C5CA9AA501C}.Debug|x64.Build.0 = Debug|x64
		{EB6A5C37-F728-4585-8341-6C5CA9AA501C}.Debug|x86.ActiveCfg = Debug|Win32
		{EB6A5C37-F728-4585-8341-6C5CA9AA501C}.Debug|x86.Build.0 = Debug|Win32
		{EB6A5C37-F728-4585-8341-6C5CA9AA501C}.Release|x64.ActiveCfg = Release|x64
		{EB6A5C37-F728-4585-8341-6C5CA9AA501C}.Release|x64.Build.0 = Release|x64
		{EB6A5C37-F728-4585-8341-6C5CA9AA501C}.Release|x86.ActiveCfg = Release|Win32
		{EB6A5C37-F728-4585-8341-6C5CA9AA501C}.Release|x86.Build.0 = Release|Win32
	EndGlobalSection
	GlobalSection(SolutionProperties) = preSolution
		HideSolutionNode = FALSE
	EndGlobalSection
	GlobalSection(ExtensibilityGlobals) = postSolution
		SolutionGuid = {91D82559-4E73-4246-89A8-1D5DB8B02AA7}
	EndGlobalSection
EndGlobal
