<?xml version="1.0" encoding="utf-8"?>
<Project ToolsVersion="4.0" xmlns="http://schemas.microsoft.com/developer/msbuild/2003">
  <ItemGroup>
    <Filter Include="Source Files">
      <UniqueIdentifier>{4FC737F1-C7A5-4376-A066-2A32D752A2FF}</UniqueIdentifier>
      <Extensions>cpp;c;cc;cxx;c++;cppm;ixx;def;odl;idl;hpj;bat;asm;asmx</Extensions>
    </Filter>
    <Filter Include="Header Files">
      <UniqueIdentifier>{93995380-89BD-4b04-88EB-625FBE52EBFB}</UniqueIdentifier>
      <Extensions>h;hh;hpp;hxx;h++;hm;inl;inc;ipp;xsd</Extensions>
    </Filter>
    <Filter Include="Resource Files">
      <UniqueIdentifier>{67DA6AB6-F800-4c08-8B7A-83BB121AAD01}</UniqueIdentifier>
      <Extensions>rc;ico;cur;bmp;dlg;rc2;rct;bin;rgs;gif;jpg;jpeg;jpe;resx;tiff;tif;png;wav;mfcribbon-ms</Extensions>
    </Filter>
  </ItemGroup>
  <ItemGroup>
    <ClCompile Include="src\Entrypoint.cpp">
      <Filter>Source Files</Filter>
    </ClCompile>
    <ClCompile Include="src\MemoryTest.cpp">
      <Filter>Source Files</Filter>
    </ClCompile>
    <ClCompile Include="src\presentation\PresentationTester.cpp">
      <Filter>Source Files</Filter>
    </ClCompile>
    <ClCompile Include="src\SubordinateTester.cpp">
      <Filter>Source Files</Filter>
    </ClCompile>
    <ClCompile Include="src\domain\normaliser\NormaliserRangeDefaultTest.cpp">
      <Filter>Source Files</Filter>
    </ClCompile>
    <ClCompile Include="src\domain\normaliser\NormaliserTester.cpp">
      <Filter>Source Files</Filter>
    </ClCompile>
    <ClCompile Include="src\domain\DomainTester.cpp">
      <Filter>Source Files</Filter>
    </ClCompile>
    <ClCompile Include="src\domain\normaliser\NormaliserInvertedRangeTest.cpp">
      <Filter>Source Files</Filter>
    </ClCompile>
    <ClCompile Include="src\domain\normaliser\NormaliserRangeSetTest.cpp">
      <Filter>Source Files</Filter>
    </ClCompile>
    <ClCompile Include="src\application\delta\DeltaDefaultTest.cpp">
      <Filter>Source Files</Filter>
    </ClCompile>
    <ClCompile Include="src\application\delta\DeltaResetTest.cpp">
      <Filter>Source Files</Filter>
    </ClCompile>
    <ClCompile Include="src\application\delta\DeltaTester.cpp">
      <Filter>Source Files</Filter>
    </ClCompile>
    <ClCompile Include="src\application\delta\DeltaUpdateTest.cpp">
      <Filter>Source Files</Filter>
    </ClCompile>
    <ClCompile Include="src\application\ApplicationTester.cpp">
      <Filter>Source Files</Filter>
    </ClCompile>
    <ClCompile Include="src\presentation\vector2\VectorDefaultTest.cpp">
      <Filter>Source Files</Filter>
    </ClCompile>
    <ClCompile Include="src\presentation\vector2\VectorTester.cpp">
      <Filter>Source Files</Filter>
    </ClCompile>
    <ClCompile Include="src\presentation\vector2\VectorXTest.cpp">
      <Filter>Source Files</Filter>
    </ClCompile>
    <ClCompile Include="src\presentation\vector2\VectorYTest.cpp">
      <Filter>Source Files</Filter>
    </ClCompile>
    <ClCompile Include="src\domain\resolution\default\ResolutionDefaultWidthTest.cpp">
      <Filter>Source Files</Filter>
    </ClCompile>
    <ClCompile Include="src\domain\resolution\default\ResolutionDefaultHeightTest.cpp">
      <Filter>Source Files</Filter>
    </ClCompile>
    <ClCompile Include="src\domain\resolution\default\ResolutionDefaultTester.cpp">
      <Filter>Source Files</Filter>
    </ClCompile>
    <ClCompile Include="src\domain\resolution\parameter\ResolutionParameterWidthTest.cpp">
      <Filter>Source Files</Filter>
    </ClCompile>
    <ClCompile Include="src\domain\resolution\parameter\ResolutionParameterHeightTest.cpp">
      <Filter>Source Files</Filter>
    </ClCompile>
    <ClCompile Include="src\domain\resolution\parameter\ResolutionParameterTester.cpp">
      <Filter>Source Files</Filter>
    </ClCompile>
    <ClCompile Include="src\domain\resolution\minimum\ResolutionMinimumWidthTest.cpp">
      <Filter>Source Files</Filter>
    </ClCompile>
    <ClCompile Include="src\domain\resolution\minimum\ResolutionMinimumHeightTest.cpp">
      <Filter>Source Files</Filter>
    </ClCompile>
    <ClCompile Include="src\domain\resolution\minimum\ResolutionMinimumTester.cpp">
      <Filter>Source Files</Filter>
    </ClCompile>
    <ClCompile Include="src\domain\resolution\ResolutionTester.cpp">
      <Filter>Source Files</Filter>
    </ClCompile>
    <ClCompile Include="src\application\gamepad\default\GamepadDefaultJoystickLeftTest.cpp">
      <Filter>Source Files</Filter>
    </ClCompile>
    <ClCompile Include="src\application\gamepad\default\GamepadDefaultTester.cpp">
      <Filter>Source Files</Filter>
    </ClCompile>
    <ClCompile Include="src\application\gamepad\GamepadTester.cpp">
      <Filter>Source Files</Filter>
    </ClCompile>
    <ClCompile Include="src\application\gamepad\default\GamepadDefaultJoystickRightTest.cpp">
      <Filter>Source Files</Filter>
    </ClCompile>
    <ClCompile Include="src\application\gamepad\default\GamepadDefaultTriggerLeftTest.cpp">
      <Filter>Source Files</Filter>
    </ClCompile>
    <ClCompile Include="src\application\gamepad\default\GamepadDefaultTriggerRightTest.cpp">
      <Filter>Source Files</Filter>
    </ClCompile>
    <ClCompile Include="src\application\gamepad\default\GamepadDefaultButtonsTest.cpp">
      <Filter>Source Files</Filter>
    </ClCompile>
    <ClCompile Include="src\application\keyboard\KeyboardDefaultTest.cpp">
      <Filter>Source Files</Filter>
    </ClCompile>
    <ClCompile Include="src\application\keyboard\KeyboardTester.cpp">
      <Filter>Source Files</Filter>
    </ClCompile>
    <ClCompile Include="src\application\keyboard\KeyboardPressTest.cpp">
      <Filter>Source Files</Filter>
    </ClCompile>
    <ClCompile Include="src\application\keyboard\KeyboardReleaseTest.cpp">
      <Filter>Source Files</Filter>
    </ClCompile>
    <ClCompile Include="src\application\mouse\default\MouseDefaultCursorTest.cpp">
      <Filter>Source Files</Filter>
    </ClCompile>
    <ClCompile Include="src\application\mouse\default\MouseDefaultTester.cpp">
      <Filter>Source Files</Filter>
    </ClCompile>
    <ClCompile Include="src\application\mouse\MouseTester.cpp">
      <Filter>Source Files</Filter>
    </ClCompile>
    <ClCompile Include="src\application\mouse\default\MouseDefaultButtonsTest.cpp">
      <Filter>Source Files</Filter>
    </ClCompile>
    <ClCompile Include="src\application\mouse\MouseCursorTest.cpp">
      <Filter>Source Files</Filter>
    </ClCompile>
    <ClCompile Include="src\application\mouse\buttons\MouseButtonsPressTest.cpp">
      <Filter>Source Files</Filter>
    </ClCompile>
    <ClCompile Include="src\application\mouse\buttons\MouseButtonsTester.cpp">
      <Filter>Source Files</Filter>
    </ClCompile>
    <ClCompile Include="src\application\mouse\buttons\MouseButtonsReleaseTest.cpp">
      <Filter>Source Files</Filter>
    </ClCompile>
    <ClCompile Include="src\application\mouse\xbuttons\MouseXButtonsTester.cpp">
      <Filter>Source Files</Filter>
    </ClCompile>
    <ClCompile Include="src\application\mouse\xbuttons\MouseXButtonsPressTest.cpp">
      <Filter>Source Files</Filter>
    </ClCompile>
    <ClCompile Include="src\application\mouse\xbuttons\MouseXButtonsReleaseTest.cpp">
      <Filter>Source Files</Filter>
    </ClCompile>
    <ClCompile Include="src\application\mouse\wheel\MouseWheelPressTest.cpp">
      <Filter>Source Files</Filter>
    </ClCompile>
    <ClCompile Include="src\application\mouse\wheel\MouseWheelTester.cpp">
      <Filter>Source Files</Filter>
    </ClCompile>
    <ClCompile Include="src\application\mouse\wheel\MouseWheelResetTest.cpp">
      <Filter>Source Files</Filter>
    </ClCompile>
    <ClCompile Include="src\application\facade\default\FacadeDefaultCursorTest.cpp">
      <Filter>Source Files</Filter>
    </ClCompile>
    <ClCompile Include="src\application\facade\default\FacadeDefaultDragTest.cpp">
      <Filter>Source Files</Filter>
    </ClCompile>
    <ClCompile Include="src\application\facade\default\FacadeDefaultKeyboardTest.cpp">
      <Filter>Source Files</Filter>
    </ClCompile>
    <ClCompile Include="src\application\facade\default\FacadeDefaultMinimiseTest.cpp">
      <Filter>Source Files</Filter>
    </ClCompile>
    <ClCompile Include="src\application\facade\default\FacadeDefaultMouseTest.cpp">
      <Filter>Source Files</Filter>
    </ClCompile>
    <ClCompile Include="src\application\facade\default\FacadeDefaultTester.cpp">
      <Filter>Source Files</Filter>
    </ClCompile>
    <ClCompile Include="src\application\facade\event\FacadeEventCursorTest.cpp">
      <Filter>Source Files</Filter>
    </ClCompile>
    <ClCompile Include="src\application\facade\event\FacadeEventDragTest.cpp">
      <Filter>Source Files</Filter>
    </ClCompile>
    <ClCompile Include="src\application\facade\event\FacadeEventKeyboardTest.cpp">
      <Filter>Source Files</Filter>
    </ClCompile>
    <ClCompile Include="src\application\facade\event\FacadeEventMinimiseTest.cpp">
      <Filter>Source Files</Filter>
    </ClCompile>
    <ClCompile Include="src\application\facade\event\FacadeEventMouseTest.cpp">
      <Filter>Source Files</Filter>
    </ClCompile>
    <ClCompile Include="src\application\facade\event\FacadeEventTester.cpp">
      <Filter>Source Files</Filter>
    </ClCompile>
    <ClCompile Include="src\application\facade\resolution\FacadeResolutionDefaultHeightTest.cpp">
      <Filter>Source Files</Filter>
    </ClCompile>
    <ClCompile Include="src\application\facade\resolution\FacadeResolutionDefaultWidthTest.cpp">
      <Filter>Source Files</Filter>
    </ClCompile>
    <ClCompile Include="src\application\facade\resolution\FacadeResolutionMinimumHeightTest.cpp">
      <Filter>Source Files</Filter>
    </ClCompile>
    <ClCompile Include="src\application\facade\resolution\FacadeResolutionMinimumWidthTest.cpp">
      <Filter>Source Files</Filter>
    </ClCompile>
    <ClCompile Include="src\application\facade\resolution\FacadeResolutionSetHeightTest.cpp">
      <Filter>Source Files</Filter>
    </ClCompile>
    <ClCompile Include="src\application\facade\resolution\FacadeResolutionSetWidthTest.cpp">
      <Filter>Source Files</Filter>
    </ClCompile>
    <ClCompile Include="src\application\facade\resolution\FacadeResolutionTester.cpp">
      <Filter>Source Files</Filter>
    </ClCompile>
    <ClCompile Include="src\application\facade\style\FacadeStyleBorderlessResolutionTest.cpp">
      <Filter>Source Files</Filter>
    </ClCompile>
    <ClCompile Include="src\application\facade\style\FacadeStyleBorderlessTest.cpp">
      <Filter>Source Files</Filter>
    </ClCompile>
    <ClCompile Include="src\application\facade\style\FacadeStyleDefaultTest.cpp">
      <Filter>Source Files</Filter>
    </ClCompile>
    <ClCompile Include="src\application\facade\style\FacadeStyleTester.cpp">
      <Filter>Source Files</Filter>
    </ClCompile>
    <ClCompile Include="src\application\facade\style\FacadeStyleWindowedResolutionTest.cpp">
      <Filter>Source Files</Filter>
    </ClCompile>
    <ClCompile Include="src\application\facade\style\FacadeStyleWindowedTest.cpp">
      <Filter>Source Files</Filter>
    </ClCompile>
    <ClCompile Include="src\application\facade\tag\FacadeTagParameterTest.cpp">
      <Filter>Source Files</Filter>
    </ClCompile>
    <ClCompile Include="src\application\facade\tag\FacadeTagSetTest.cpp">
      <Filter>Source Files</Filter>
    </ClCompile>
    <ClCompile Include="src\application\facade\tag\FacadeTagTester.cpp">
      <Filter>Source Files</Filter>
    </ClCompile>
    <ClCompile Include="src\application\facade\FacadeDestroyedTest.cpp">
      <Filter>Source Files</Filter>
    </ClCompile>
    <ClCompile Include="src\application\facade\FacadeOpenPostQuitTest.cpp">
      <Filter>Source Files</Filter>
    </ClCompile>
    <ClCompile Include="src\application\facade\FacadeTester.cpp">
      <Filter>Source Files</Filter>
    </ClCompile>
    <ClCompile Include="src\application\facade\FacadeDeltaTest.cpp">
      <Filter>Source Files</Filter>
    </ClCompile>
    <ClCompile Include="src\application\facade\quit\FacadeQuitTester.cpp">
      <Filter>Source Files</Filter>
    </ClCompile>
    <ClCompile Include="src\application\facade\quit\FacadeQuitDefaultTest.cpp">
      <Filter>Source Files</Filter>
    </ClCompile>
    <ClCompile Include="src\application\facade\quit\FacadeQuitEventTest.cpp">
      <Filter>Source Files</Filter>
    </ClCompile>
    <ClCompile Include="src\application\facade\quit\FacadeQuitResetTest.cpp">
      <Filter>Source Files</Filter>
    </ClCompile>
  </ItemGroup>
  <ItemGroup>
    <ClInclude Include="src\MemoryTest.h">
      <Filter>Header Files</Filter>
    </ClInclude>
    <ClInclude Include="src\presentation\PresentationTester.h">
      <Filter>Header Files</Filter>
    </ClInclude>
    <ClInclude Include="src\SubordinateTester.h">
      <Filter>Header Files</Filter>
    </ClInclude>
    <ClInclude Include="src\domain\normaliser\NormaliserRangeDefaultTest.h">
      <Filter>Header Files</Filter>
    </ClInclude>
    <ClInclude Include="src\domain\normaliser\NormaliserTester.h">
      <Filter>Header Files</Filter>
    </ClInclude>
    <ClInclude Include="src\domain\DomainTester.h">
      <Filter>Header Files</Filter>
    </ClInclude>
    <ClInclude Include="src\domain\normaliser\NormaliserInvertedRangeTest.h">
      <Filter>Header Files</Filter>
    </ClInclude>
    <ClInclude Include="src\domain\normaliser\NormaliserRangeSetTest.h">
      <Filter>Header Files</Filter>
    </ClInclude>
    <ClInclude Include="src\application\delta\DeltaDefaultTest.h">
      <Filter>Header Files</Filter>
    </ClInclude>
    <ClInclude Include="src\application\delta\DeltaResetTest.h">
      <Filter>Header Files</Filter>
    </ClInclude>
    <ClInclude Include="src\application\delta\DeltaTester.h">
      <Filter>Header Files</Filter>
    </ClInclude>
    <ClInclude Include="src\application\delta\DeltaUpdateTest.h">
      <Filter>Header Files</Filter>
    </ClInclude>
    <ClInclude Include="src\application\ApplicationTester.h">
      <Filter>Header Files</Filter>
    </ClInclude>
    <ClInclude Include="src\presentation\vector2\VectorDefaultTest.h">
      <Filter>Header Files</Filter>
    </ClInclude>
    <ClInclude Include="src\presentation\vector2\VectorTester.h">
      <Filter>Header Files</Filter>
    </ClInclude>
    <ClInclude Include="src\presentation\vector2\VectorXTest.h">
      <Filter>Header Files</Filter>
    </ClInclude>
    <ClInclude Include="src\presentation\vector2\VectorYTest.h">
      <Filter>Header Files</Filter>
    </ClInclude>
    <ClInclude Include="src\domain\resolution\default\ResolutionDefaultWidthTest.h">
      <Filter>Header Files</Filter>
    </ClInclude>
    <ClInclude Include="src\domain\resolution\default\ResolutionDefaultHeightTest.h">
      <Filter>Header Files</Filter>
    </ClInclude>
    <ClInclude Include="src\domain\resolution\default\ResolutionDefaultTester.h">
      <Filter>Header Files</Filter>
    </ClInclude>
    <ClInclude Include="src\domain\resolution\parameter\ResolutionParameterWidthTest.h">
      <Filter>Header Files</Filter>
    </ClInclude>
    <ClInclude Include="src\domain\resolution\parameter\ResolutionParameterHeightTest.h">
      <Filter>Header Files</Filter>
    </ClInclude>
    <ClInclude Include="src\domain\resolution\parameter\ResolutionParameterTester.h">
      <Filter>Header Files</Filter>
    </ClInclude>
    <ClInclude Include="src\domain\resolution\minimum\ResolutionMinimumWidthTest.h">
      <Filter>Header Files</Filter>
    </ClInclude>
    <ClInclude Include="src\domain\resolution\minimum\ResolutionMinimumHeightTest.h">
      <Filter>Header Files</Filter>
    </ClInclude>
    <ClInclude Include="src\domain\resolution\minimum\ResolutionMinimumTester.h">
      <Filter>Header Files</Filter>
    </ClInclude>
    <ClInclude Include="src\domain\resolution\ResolutionTester.h">
      <Filter>Header Files</Filter>
    </ClInclude>
    <ClInclude Include="src\application\gamepad\default\GamepadDefaultJoystickLeftTest.h">
      <Filter>Header Files</Filter>
    </ClInclude>
    <ClInclude Include="src\application\gamepad\default\GamepadDefaultTester.h">
      <Filter>Header Files</Filter>
    </ClInclude>
    <ClInclude Include="src\application\gamepad\GamepadTester.h">
      <Filter>Header Files</Filter>
    </ClInclude>
    <ClInclude Include="src\application\gamepad\default\GamepadDefaultJoystickRightTest.h">
      <Filter>Header Files</Filter>
    </ClInclude>
    <ClInclude Include="src\application\gamepad\default\GamepadDefaultTriggerLeftTest.h">
      <Filter>Header Files</Filter>
    </ClInclude>
    <ClInclude Include="src\application\gamepad\default\GamepadDefaultTriggerRightTest.h">
      <Filter>Header Files</Filter>
    </ClInclude>
    <ClInclude Include="src\application\gamepad\default\GamepadDefaultButtonsTest.h">
      <Filter>Header Files</Filter>
    </ClInclude>
    <ClInclude Include="src\application\keyboard\KeyboardDefaultTest.h">
      <Filter>Header Files</Filter>
    </ClInclude>
    <ClInclude Include="src\application\keyboard\KeyboardTester.h">
      <Filter>Header Files</Filter>
    </ClInclude>
    <ClInclude Include="src\application\keyboard\KeyboardPressTest.h">
      <Filter>Header Files</Filter>
    </ClInclude>
    <ClInclude Include="src\application\keyboard\KeyboardReleaseTest.h">
      <Filter>Header Files</Filter>
    </ClInclude>
    <ClInclude Include="src\application\mouse\default\MouseDefaultCursorTest.h">
      <Filter>Header Files</Filter>
    </ClInclude>
    <ClInclude Include="src\application\mouse\default\MouseDefaultTester.h">
      <Filter>Header Files</Filter>
    </ClInclude>
    <ClInclude Include="src\application\mouse\MouseTester.h">
      <Filter>Header Files</Filter>
    </ClInclude>
    <ClInclude Include="src\application\mouse\default\MouseDefaultButtonsTest.h">
      <Filter>Header Files</Filter>
    </ClInclude>
    <ClInclude Include="src\application\mouse\MouseCursorTest.h">
      <Filter>Header Files</Filter>
    </ClInclude>
    <ClInclude Include="src\application\mouse\buttons\MouseButtonsPressTest.h">
      <Filter>Header Files</Filter>
    </ClInclude>
    <ClInclude Include="src\application\mouse\buttons\MouseButtonsTester.h">
      <Filter>Header Files</Filter>
    </ClInclude>
    <ClInclude Include="src\application\mouse\buttons\MouseButtonsReleaseTest.h">
      <Filter>Header Files</Filter>
    </ClInclude>
    <ClInclude Include="src\application\mouse\xbuttons\MouseXButtonsTester.h">
      <Filter>Header Files</Filter>
    </ClInclude>
    <ClInclude Include="src\application\mouse\xbuttons\MouseXButtonsPressTest.h">
      <Filter>Header Files</Filter>
    </ClInclude>
    <ClInclude Include="src\application\mouse\xbuttons\MouseXButtonsReleaseTest.h">
      <Filter>Header Files</Filter>
    </ClInclude>
    <ClInclude Include="src\application\mouse\wheel\MouseWheelPressTest.h">
      <Filter>Header Files</Filter>
    </ClInclude>
    <ClInclude Include="src\application\mouse\wheel\MouseWheelTester.h">
      <Filter>Header Files</Filter>
    </ClInclude>
    <ClInclude Include="src\application\mouse\wheel\MouseWheelResetTest.h">
      <Filter>Header Files</Filter>
    </ClInclude>
    <ClInclude Include="src\application\facade\default\FacadeDefaultCursorTest.h">
      <Filter>Header Files</Filter>
    </ClInclude>
    <ClInclude Include="src\application\facade\default\FacadeDefaultDragTest.h">
      <Filter>Header Files</Filter>
    </ClInclude>
    <ClInclude Include="src\application\facade\default\FacadeDefaultKeyboardTest.h">
      <Filter>Header Files</Filter>
    </ClInclude>
    <ClInclude Include="src\application\facade\default\FacadeDefaultMinimiseTest.h">
      <Filter>Header Files</Filter>
    </ClInclude>
    <ClInclude Include="src\application\facade\default\FacadeDefaultMouseTest.h">
      <Filter>Header Files</Filter>
    </ClInclude>
    <ClInclude Include="src\application\facade\default\FacadeDefaultTester.h">
      <Filter>Header Files</Filter>
    </ClInclude>
    <ClInclude Include="src\application\facade\event\FacadeEventCursorTest.h">
      <Filter>Header Files</Filter>
    </ClInclude>
    <ClInclude Include="src\application\facade\event\FacadeEventDragTest.h">
      <Filter>Header Files</Filter>
    </ClInclude>
    <ClInclude Include="src\application\facade\event\FacadeEventKeyboardTest.h">
      <Filter>Header Files</Filter>
    </ClInclude>
    <ClInclude Include="src\application\facade\event\FacadeEventMinimiseTest.h">
      <Filter>Header Files</Filter>
    </ClInclude>
    <ClInclude Include="src\application\facade\event\FacadeEventMouseTest.h">
      <Filter>Header Files</Filter>
    </ClInclude>
    <ClInclude Include="src\application\facade\event\FacadeEventTester.h">
      <Filter>Header Files</Filter>
    </ClInclude>
    <ClInclude Include="src\application\facade\resolution\FacadeResolutionDefaultHeightTest.h">
      <Filter>Header Files</Filter>
    </ClInclude>
    <ClInclude Include="src\application\facade\resolution\FacadeResolutionDefaultWidthTest.h">
      <Filter>Header Files</Filter>
    </ClInclude>
    <ClInclude Include="src\application\facade\resolution\FacadeResolutionMinimumHeightTest.h">
      <Filter>Header Files</Filter>
    </ClInclude>
    <ClInclude Include="src\application\facade\resolution\FacadeResolutionMinimumWidthTest.h">
      <Filter>Header Files</Filter>
    </ClInclude>
    <ClInclude Include="src\application\facade\resolution\FacadeResolutionSetHeightTest.h">
      <Filter>Header Files</Filter>
    </ClInclude>
    <ClInclude Include="src\application\facade\resolution\FacadeResolutionSetWidthTest.h">
      <Filter>Header Files</Filter>
    </ClInclude>
    <ClInclude Include="src\application\facade\resolution\FacadeResolutionTester.h">
      <Filter>Header Files</Filter>
    </ClInclude>
    <ClInclude Include="src\application\facade\style\FacadeStyleBorderlessResolutionTest.h">
      <Filter>Header Files</Filter>
    </ClInclude>
    <ClInclude Include="src\application\facade\style\FacadeStyleBorderlessTest.h">
      <Filter>Header Files</Filter>
    </ClInclude>
    <ClInclude Include="src\application\facade\style\FacadeStyleDefaultTest.h">
      <Filter>Header Files</Filter>
    </ClInclude>
    <ClInclude Include="src\application\facade\style\FacadeStyleTester.h">
      <Filter>Header Files</Filter>
    </ClInclude>
    <ClInclude Include="src\application\facade\style\FacadeStyleWindowedResolutionTest.h">
      <Filter>Header Files</Filter>
    </ClInclude>
    <ClInclude Include="src\application\facade\style\FacadeStyleWindowedTest.h">
      <Filter>Header Files</Filter>
    </ClInclude>
    <ClInclude Include="src\application\facade\tag\FacadeTagParameterTest.h">
      <Filter>Header Files</Filter>
    </ClInclude>
    <ClInclude Include="src\application\facade\tag\FacadeTagSetTest.h">
      <Filter>Header Files</Filter>
    </ClInclude>
    <ClInclude Include="src\application\facade\tag\FacadeTagTester.h">
      <Filter>Header Files</Filter>
    </ClInclude>
    <ClInclude Include="src\application\facade\FacadeDestroyedTest.h">
      <Filter>Header Files</Filter>
    </ClInclude>
    <ClInclude Include="src\application\facade\FacadeOpenPostQuitTest.h">
      <Filter>Header Files</Filter>
    </ClInclude>
    <ClInclude Include="src\application\facade\FacadeTester.h">
      <Filter>Header Files</Filter>
    </ClInclude>
    <ClInclude Include="src\application\facade\FacadeDeltaTest.h">
      <Filter>Header Files</Filter>
    </ClInclude>
    <ClInclude Include="src\application\facade\quit\FacadeQuitTester.h">
      <Filter>Header Files</Filter>
    </ClInclude>
    <ClInclude Include="src\application\facade\quit\FacadeQuitDefaultTest.h">
      <Filter>Header Files</Filter>
    </ClInclude>
    <ClInclude Include="src\application\facade\quit\FacadeQuitEventTest.h">
      <Filter>Header Files</Filter>
    </ClInclude>
    <ClInclude Include="src\application\facade\quit\FacadeQuitResetTest.h">
      <Filter>Header Files</Filter>
    </ClInclude>
  </ItemGroup>
</Project>