<?xml version="1.0" encoding="utf-8"?>
<Project ToolsVersion="4.0" xmlns="http://schemas.microsoft.com/developer/msbuild/2003">
  <ItemGroup>
    <Filter Include="Source Files">
      <UniqueIdentifier>{4FC737F1-C7A5-4376-A066-2A32D752A2FF}</UniqueIdentifier>
      <Extensions>cpp;c;cc;cxx;c++;cppm;ixx;def;odl;idl;hpj;bat;asm;asmx</Extensions>
    </Filter>
    <Filter Include="Header Files">
      <UniqueIdentifier>{93995380-89BD-4b04-88EB-625FBE52EBFB}</UniqueIdentifier>
      <Extensions>h;hh;hpp;hxx;h++;hm;inl;inc;ipp;xsd</Extensions>
    </Filter>
    <Filter Include="Resource Files">
      <UniqueIdentifier>{67DA6AB6-F800-4c08-8B7A-83BB121AAD01}</UniqueIdentifier>
      <Extensions>rc;ico;cur;bmp;dlg;rc2;rct;bin;rgs;gif;jpg;jpeg;jpe;resx;tiff;tif;png;wav;mfcribbon-ms</Extensions>
    </Filter>
  </ItemGroup>
  <ItemGroup>
    <ClCompile Include="src\Entrypoint.cpp">
      <Filter>Source Files</Filter>
    </ClCompile>
    <ClCompile Include="src\MemoryTest.cpp">
      <Filter>Source Files</Filter>
    </ClCompile>
    <ClCompile Include="src\presentation\PresentationTester.cpp">
      <Filter>Source Files</Filter>
    </ClCompile>
    <ClCompile Include="src\SubordinateTester.cpp">
      <Filter>Source Files</Filter>
    </ClCompile>
    <ClCompile Include="src\domain\normaliser\NormaliserRangeDefaultTest.cpp">
      <Filter>Source Files</Filter>
    </ClCompile>
    <ClCompile Include="src\domain\normaliser\NormaliserTester.cpp">
      <Filter>Source Files</Filter>
    </ClCompile>
    <ClCompile Include="src\domain\DomainTester.cpp">
      <Filter>Source Files</Filter>
    </ClCompile>
    <ClCompile Include="src\domain\normaliser\NormaliserInvertedRangeTest.cpp">
      <Filter>Source Files</Filter>
    </ClCompile>
    <ClCompile Include="src\domain\normaliser\NormaliserRangeSetTest.cpp">
      <Filter>Source Files</Filter>
    </ClCompile>
    <ClCompile Include="src\application\delta\DeltaDefaultTest.cpp">
      <Filter>Source Files</Filter>
    </ClCompile>
    <ClCompile Include="src\application\delta\DeltaResetTest.cpp">
      <Filter>Source Files</Filter>
    </ClCompile>
    <ClCompile Include="src\application\delta\DeltaTester.cpp">
      <Filter>Source Files</Filter>
    </ClCompile>
    <ClCompile Include="src\application\delta\DeltaUpdateTest.cpp">
      <Filter>Source Files</Filter>
    </ClCompile>
    <ClCompile Include="src\application\ApplicationTester.cpp">
      <Filter>Source Files</Filter>
    </ClCompile>
    <ClCompile Include="src\application\window\event\WindowEventMinimiseTest.cpp">
      <Filter>Source Files</Filter>
    </ClCompile>
    <ClCompile Include="src\application\window\event\WindowEventQuitTest.cpp">
      <Filter>Source Files</Filter>
    </ClCompile>
    <ClCompile Include="src\application\window\event\WindowEventTester.cpp">
      <Filter>Source Files</Filter>
    </ClCompile>
    <ClCompile Include="src\application\window\resolution\WindowResolutionDefaultHeightTest.cpp">
      <Filter>Source Files</Filter>
    </ClCompile>
    <ClCompile Include="src\application\window\resolution\WindowResolutionDefaultWidthTest.cpp">
      <Filter>Source Files</Filter>
    </ClCompile>
    <ClCompile Include="src\application\window\resolution\WindowResolutionMinimumHeightTest.cpp">
      <Filter>Source Files</Filter>
    </ClCompile>
    <ClCompile Include="src\application\window\resolution\WindowResolutionMinimumWidthTest.cpp">
      <Filter>Source Files</Filter>
    </ClCompile>
    <ClCompile Include="src\application\window\resolution\WindowResolutionSetHeightTest.cpp">
      <Filter>Source Files</Filter>
    </ClCompile>
    <ClCompile Include="src\application\window\resolution\WindowResolutionSetWidthTest.cpp">
      <Filter>Source Files</Filter>
    </ClCompile>
    <ClCompile Include="src\application\window\resolution\WindowResolutionTester.cpp">
      <Filter>Source Files</Filter>
    </ClCompile>
    <ClCompile Include="src\application\window\style\WindowsStyleBorderlessTest.cpp">
      <Filter>Source Files</Filter>
    </ClCompile>
    <ClCompile Include="src\application\window\style\WindowStyleBorderlessResolutionTest.cpp">
      <Filter>Source Files</Filter>
    </ClCompile>
    <ClCompile Include="src\application\window\style\WindowStyleDefaultTest.cpp">
      <Filter>Source Files</Filter>
    </ClCompile>
    <ClCompile Include="src\application\window\style\WindowStyleTester.cpp">
      <Filter>Source Files</Filter>
    </ClCompile>
    <ClCompile Include="src\application\window\style\WindowStyleWindowedResolutionTest.cpp">
      <Filter>Source Files</Filter>
    </ClCompile>
    <ClCompile Include="src\application\window\style\WindowStyleWindowedTest.cpp">
      <Filter>Source Files</Filter>
    </ClCompile>
    <ClCompile Include="src\application\window\tag\WindowTagParameterTest.cpp">
      <Filter>Source Files</Filter>
    </ClCompile>
    <ClCompile Include="src\application\window\tag\WindowTagSetTest.cpp">
      <Filter>Source Files</Filter>
    </ClCompile>
    <ClCompile Include="src\application\window\tag\WindowTagTester.cpp">
      <Filter>Source Files</Filter>
    </ClCompile>
    <ClCompile Include="src\application\window\WindowDestroyedTest.cpp">
      <Filter>Source Files</Filter>
    </ClCompile>
    <ClCompile Include="src\application\window\WindowTester.cpp">
      <Filter>Source Files</Filter>
    </ClCompile>
    <ClCompile Include="src\application\window\default\WindowDefaultQuitTest.cpp">
      <Filter>Source Files</Filter>
    </ClCompile>
    <ClCompile Include="src\application\window\default\WindowDefaultTester.cpp">
      <Filter>Source Files</Filter>
    </ClCompile>
    <ClCompile Include="src\application\window\default\WindowDefaultMinimiseTest.cpp">
      <Filter>Source Files</Filter>
    </ClCompile>
    <ClCompile Include="src\application\window\default\WindowDefaultButtonsTest.cpp">
      <Filter>Source Files</Filter>
    </ClCompile>
    <ClCompile Include="src\application\window\event\WindowEventKeysTest.cpp">
      <Filter>Source Files</Filter>
    </ClCompile>
    <ClCompile Include="src\application\window\event\WindowEventButtonsTest.cpp">
      <Filter>Source Files</Filter>
    </ClCompile>
    <ClCompile Include="src\application\window\event\WindowEventCursorTest.cpp">
      <Filter>Source Files</Filter>
    </ClCompile>
    <ClCompile Include="src\application\window\WindowOpenPostQuitTest.cpp">
      <Filter>Source Files</Filter>
    </ClCompile>
    <ClCompile Include="src\application\window\event\WindowEventDragTest.cpp">
      <Filter>Source Files</Filter>
    </ClCompile>
    <ClCompile Include="src\domain\resolutionValidator\default\ResolutionValidatorDefaultTester.cpp">
      <Filter>Source Files</Filter>
    </ClCompile>
    <ClCompile Include="src\domain\resolutionValidator\ResolutionValidatorTester.cpp">
      <Filter>Source Files</Filter>
    </ClCompile>
    <ClCompile Include="src\domain\resolutionValidator\default\ResolutionValidatorDefaultHeightTest.cpp">
      <Filter>Source Files</Filter>
    </ClCompile>
    <ClCompile Include="src\domain\resolutionValidator\parameter\ResolutionValidatorParameterWidthTest.cpp">
      <Filter>Source Files</Filter>
    </ClCompile>
    <ClCompile Include="src\domain\resolutionValidator\parameter\ResolutionValidatorParameterTester.cpp">
      <Filter>Source Files</Filter>
    </ClCompile>
    <ClCompile Include="src\domain\resolutionValidator\parameter\ResolutionValidatorParameterHeightTest.cpp">
      <Filter>Source Files</Filter>
    </ClCompile>
    <ClCompile Include="src\domain\resolutionValidator\minimum\ResolutionValidatorMinimumWidthTest.cpp">
      <Filter>Source Files</Filter>
    </ClCompile>
    <ClCompile Include="src\domain\resolutionValidator\minimum\ResolutionValidatorMinimumTester.cpp">
      <Filter>Source Files</Filter>
    </ClCompile>
    <ClCompile Include="src\domain\resolutionValidator\minimum\ResolutionValidatorMinimumHeightTest.cpp">
      <Filter>Source Files</Filter>
    </ClCompile>
    <ClCompile Include="src\presentation\vector2\VectorDefaultTest.cpp">
      <Filter>Source Files</Filter>
    </ClCompile>
    <ClCompile Include="src\presentation\vector2\VectorTester.cpp">
      <Filter>Source Files</Filter>
    </ClCompile>
    <ClCompile Include="src\presentation\vector2\VectorXTest.cpp">
      <Filter>Source Files</Filter>
    </ClCompile>
    <ClCompile Include="src\presentation\vector2\VectorYTest.cpp">
      <Filter>Source Files</Filter>
    </ClCompile>
    <ClCompile Include="src\application\window\default\WindowDefaultCursorTest.cpp">
      <Filter>Source Files</Filter>
    </ClCompile>
    <ClCompile Include="src\application\window\default\WindowDefaultDragTest.cpp">
      <Filter>Source Files</Filter>
    </ClCompile>
    <ClCompile Include="src\domain\resolutionValidator\default\ResolutionDefaultWidthTest.cpp">
      <Filter>Source Files</Filter>
    </ClCompile>
  </ItemGroup>
  <ItemGroup>
    <ClInclude Include="src\MemoryTest.h">
      <Filter>Header Files</Filter>
    </ClInclude>
    <ClInclude Include="src\presentation\PresentationTester.h">
      <Filter>Header Files</Filter>
    </ClInclude>
    <ClInclude Include="src\SubordinateTester.h">
      <Filter>Header Files</Filter>
    </ClInclude>
    <ClInclude Include="src\domain\normaliser\NormaliserRangeDefaultTest.h">
      <Filter>Header Files</Filter>
    </ClInclude>
    <ClInclude Include="src\domain\normaliser\NormaliserTester.h">
      <Filter>Header Files</Filter>
    </ClInclude>
    <ClInclude Include="src\domain\DomainTester.h">
      <Filter>Header Files</Filter>
    </ClInclude>
    <ClInclude Include="src\domain\normaliser\NormaliserInvertedRangeTest.h">
      <Filter>Header Files</Filter>
    </ClInclude>
    <ClInclude Include="src\domain\normaliser\NormaliserRangeSetTest.h">
      <Filter>Header Files</Filter>
    </ClInclude>
    <ClInclude Include="src\application\delta\DeltaDefaultTest.h">
      <Filter>Header Files</Filter>
    </ClInclude>
    <ClInclude Include="src\application\delta\DeltaResetTest.h">
      <Filter>Header Files</Filter>
    </ClInclude>
    <ClInclude Include="src\application\delta\DeltaTester.h">
      <Filter>Header Files</Filter>
    </ClInclude>
    <ClInclude Include="src\application\delta\DeltaUpdateTest.h">
      <Filter>Header Files</Filter>
    </ClInclude>
    <ClInclude Include="src\application\ApplicationTester.h">
      <Filter>Header Files</Filter>
    </ClInclude>
    <ClInclude Include="src\application\window\event\WindowEventMinimiseTest.h">
      <Filter>Header Files</Filter>
    </ClInclude>
    <ClInclude Include="src\application\window\event\WindowEventQuitTest.h">
      <Filter>Header Files</Filter>
    </ClInclude>
    <ClInclude Include="src\application\window\event\WindowEventTester.h">
      <Filter>Header Files</Filter>
    </ClInclude>
    <ClInclude Include="src\application\window\resolution\WindowResolutionDefaultHeightTest.h">
      <Filter>Header Files</Filter>
    </ClInclude>
    <ClInclude Include="src\application\window\resolution\WindowResolutionDefaultWidthTest.h">
      <Filter>Header Files</Filter>
    </ClInclude>
    <ClInclude Include="src\application\window\resolution\WindowResolutionMinimumHeightTest.h">
      <Filter>Header Files</Filter>
    </ClInclude>
    <ClInclude Include="src\application\window\resolution\WindowResolutionMinimumWidthTest.h">
      <Filter>Header Files</Filter>
    </ClInclude>
    <ClInclude Include="src\application\window\resolution\WindowResolutionSetHeightTest.h">
      <Filter>Header Files</Filter>
    </ClInclude>
    <ClInclude Include="src\application\window\resolution\WindowResolutionSetWidthTest.h">
      <Filter>Header Files</Filter>
    </ClInclude>
    <ClInclude Include="src\application\window\resolution\WindowResolutionTester.h">
      <Filter>Header Files</Filter>
    </ClInclude>
    <ClInclude Include="src\application\window\style\WindowsStyleBorderlessTest.h">
      <Filter>Header Files</Filter>
    </ClInclude>
    <ClInclude Include="src\application\window\style\WindowStyleBorderlessResolutionTest.h">
      <Filter>Header Files</Filter>
    </ClInclude>
    <ClInclude Include="src\application\window\style\WindowStyleDefaultTest.h">
      <Filter>Header Files</Filter>
    </ClInclude>
    <ClInclude Include="src\application\window\style\WindowStyleTester.h">
      <Filter>Header Files</Filter>
    </ClInclude>
    <ClInclude Include="src\application\window\style\WindowStyleWindowedResolutionTest.h">
      <Filter>Header Files</Filter>
    </ClInclude>
    <ClInclude Include="src\application\window\style\WindowStyleWindowedTest.h">
      <Filter>Header Files</Filter>
    </ClInclude>
    <ClInclude Include="src\application\window\tag\WindowTagParameterTest.h">
      <Filter>Header Files</Filter>
    </ClInclude>
    <ClInclude Include="src\application\window\tag\WindowTagSetTest.h">
      <Filter>Header Files</Filter>
    </ClInclude>
    <ClInclude Include="src\application\window\tag\WindowTagTester.h">
      <Filter>Header Files</Filter>
    </ClInclude>
    <ClInclude Include="src\application\window\WindowDestroyedTest.h">
      <Filter>Header Files</Filter>
    </ClInclude>
    <ClInclude Include="src\application\window\WindowTester.h">
      <Filter>Header Files</Filter>
    </ClInclude>
    <ClInclude Include="src\application\window\default\WindowDefaultQuitTest.h">
      <Filter>Header Files</Filter>
    </ClInclude>
    <ClInclude Include="src\application\window\default\WindowDefaultTester.h">
      <Filter>Header Files</Filter>
    </ClInclude>
    <ClInclude Include="src\application\window\default\WindowDefaultMinimiseTest.h">
      <Filter>Header Files</Filter>
    </ClInclude>
    <ClInclude Include="src\application\window\default\WindowDefaultButtonsTest.h">
      <Filter>Header Files</Filter>
    </ClInclude>
    <ClInclude Include="src\application\window\event\WindowEventKeysTest.h">
      <Filter>Header Files</Filter>
    </ClInclude>
    <ClInclude Include="src\application\window\event\WindowEventButtonsTest.h">
      <Filter>Header Files</Filter>
    </ClInclude>
    <ClInclude Include="src\application\window\event\WindowEventCursorTest.h">
      <Filter>Header Files</Filter>
    </ClInclude>
    <ClInclude Include="src\application\window\WindowOpenPostQuitTest.h">
      <Filter>Header Files</Filter>
    </ClInclude>
    <ClInclude Include="src\application\window\event\WindowEventDragTest.h">
      <Filter>Header Files</Filter>
    </ClInclude>
    <ClInclude Include="src\domain\resolutionValidator\default\ResolutionValidatorDefaultTester.h">
      <Filter>Header Files</Filter>
    </ClInclude>
    <ClInclude Include="src\domain\resolutionValidator\ResolutionValidatorTester.h">
      <Filter>Header Files</Filter>
    </ClInclude>
    <ClInclude Include="src\domain\resolutionValidator\default\ResolutionValidatorDefaultHeightTest.h">
      <Filter>Header Files</Filter>
    </ClInclude>
    <ClInclude Include="src\domain\resolutionValidator\parameter\ResolutionValidatorParameterWidthTest.h">
      <Filter>Header Files</Filter>
    </ClInclude>
    <ClInclude Include="src\domain\resolutionValidator\parameter\ResolutionValidatorParameterTester.h">
      <Filter>Header Files</Filter>
    </ClInclude>
    <ClInclude Include="src\domain\resolutionValidator\parameter\ResolutionValidatorParameterHeightTest.h">
      <Filter>Header Files</Filter>
    </ClInclude>
    <ClInclude Include="src\domain\resolutionValidator\minimum\ResolutionValidatorMinimumWidthTest.h">
      <Filter>Header Files</Filter>
    </ClInclude>
    <ClInclude Include="src\domain\resolutionValidator\minimum\ResolutionValidatorMinimumTester.h">
      <Filter>Header Files</Filter>
    </ClInclude>
    <ClInclude Include="src\domain\resolutionValidator\minimum\ResolutionValidatorMinimumHeightTest.h">
      <Filter>Header Files</Filter>
    </ClInclude>
    <ClInclude Include="src\presentation\vector2\VectorDefaultTest.h">
      <Filter>Header Files</Filter>
    </ClInclude>
    <ClInclude Include="src\presentation\vector2\VectorTester.h">
      <Filter>Header Files</Filter>
    </ClInclude>
    <ClInclude Include="src\presentation\vector2\VectorXTest.h">
      <Filter>Header Files</Filter>
    </ClInclude>
    <ClInclude Include="src\presentation\vector2\VectorYTest.h">
      <Filter>Header Files</Filter>
    </ClInclude>
    <ClInclude Include="src\application\window\default\WindowDefaultCursorTest.h">
      <Filter>Header Files</Filter>
    </ClInclude>
    <ClInclude Include="src\application\window\default\WindowDefaultDragTest.h">
      <Filter>Header Files</Filter>
    </ClInclude>
    <ClInclude Include="src\domain\resolutionValidator\default\ResolutionDefaultWidthTest.h">
      <Filter>Header Files</Filter>
    </ClInclude>
  </ItemGroup>
</Project>